
Microsoft Visual Studio Solution File, Format Version 12.00
# Visual Studio Version 17
VisualStudioVersion = 17.11.35208.52
MinimumVisualStudioVersion = 10.0.40219.1
Project("{FAE04EC0-301F-11D3-BF4B-00C04F79EFBC}") = "Login_Form", "Login_Form\Login_Form.csproj", "{539BCEAD-1233-4D39-B4A7-83F3937053D9}"
EndProject
Global
	GlobalSection(SolutionConfigurationPlatforms) = preSolution
		Debug|Any CPU = Debug|Any CPU
		Release|Any CPU = Release|Any CPU
	EndGlobalSection
	GlobalSection(ProjectConfigurationPlatforms) = postSolution
		{539BCEAD-1233-4D39-B4A7-83F3937053D9}.Debug|Any CPU.ActiveCfg = Debug|Any CPU
		{539BCEAD-1233-4D39-B4A7-83F3937053D9}.Debug|Any CPU.Build.0 = Debug|Any CPU
		{539BCEAD-1233-4D39-B4A7-83F3937053D9}.Release|Any CPU.ActiveCfg = Release|Any CPU
		{539BCEAD-1233-4D39-B4A7-83F3937053D9}.Release|Any CPU.Build.0 = Release|Any CPU
	EndGlobalSection
	GlobalSection(SolutionProperties) = preSolution
		HideSolutionNode = FALSE
	EndGlobalSection
	GlobalSection(ExtensibilityGlobals) = postSolution
		SolutionGuid = {DDE175D0-D8B4-4FC2-8CA2-4343CF9C6200}
	EndGlobalSection
EndGlobal
